
Microsoft Visual Studio Solution File, Format Version 12.00
# Visual Studio Version 16
VisualStudioVersion = 16.0.31424.327
MinimumVisualStudioVersion = 10.0.40219.1
Project("{9A19103F-16F7-4668-BE54-9A1E7A4F7556}") = "MvcCore", "MvcCore\MvcCore.csproj", "{CC8F9741-0078-4A10-B799-F348FAFE9DFA}"
EndProject
Project("{9A19103F-16F7-4668-BE54-9A1E7A4F7556}") = "DAL", "DAL\DAL.csproj", "{93FAF3DB-2F9E-46AA-874A-2102947B275E}"
EndProject
Project("{9A19103F-16F7-4668-BE54-9A1E7A4F7556}") = "BusinessLogic", "BusinessLogic\BusinessLogic.csproj", "{D23CECF1-BC71-48CE-97BD-B3297E0D00CE}"
EndProject
Project("{FAE04EC0-301F-11D3-BF4B-00C04F79EFBC}") = "InterfaceLayer", "InterfaceLayer\InterfaceLayer.csproj", "{8EDAC79E-379C-4D8C-86B4-5D4B6F6CFF05}"
EndProject
Global
	GlobalSection(SolutionConfigurationPlatforms) = preSolution
		Debug|Any CPU = Debug|Any CPU
		Release|Any CPU = Release|Any CPU
	EndGlobalSection
	GlobalSection(ProjectConfigurationPlatforms) = postSolution
		{CC8F9741-0078-4A10-B799-F348FAFE9DFA}.Debug|Any CPU.ActiveCfg = Debug|Any CPU
		{CC8F9741-0078-4A10-B799-F348FAFE9DFA}.Debug|Any CPU.Build.0 = Debug|Any CPU
		{CC8F9741-0078-4A10-B799-F348FAFE9DFA}.Release|Any CPU.ActiveCfg = Release|Any CPU
		{CC8F9741-0078-4A10-B799-F348FAFE9DFA}.Release|Any CPU.Build.0 = Release|Any CPU
		{93FAF3DB-2F9E-46AA-874A-2102947B275E}.Debug|Any CPU.ActiveCfg = Debug|Any CPU
		{93FAF3DB-2F9E-46AA-874A-2102947B275E}.Debug|Any CPU.Build.0 = Debug|Any CPU
		{93FAF3DB-2F9E-46AA-874A-2102947B275E}.Release|Any CPU.ActiveCfg = Release|Any CPU
		{93FAF3DB-2F9E-46AA-874A-2102947B275E}.Release|Any CPU.Build.0 = Release|Any CPU
		{D23CECF1-BC71-48CE-97BD-B3297E0D00CE}.Debug|Any CPU.ActiveCfg = Debug|Any CPU
		{D23CECF1-BC71-48CE-97BD-B3297E0D00CE}.Debug|Any CPU.Build.0 = Debug|Any CPU
		{D23CECF1-BC71-48CE-97BD-B3297E0D00CE}.Release|Any CPU.ActiveCfg = Release|Any CPU
		{D23CECF1-BC71-48CE-97BD-B3297E0D00CE}.Release|Any CPU.Build.0 = Release|Any CPU
		{8EDAC79E-379C-4D8C-86B4-5D4B6F6CFF05}.Debug|Any CPU.ActiveCfg = Debug|Any CPU
		{8EDAC79E-379C-4D8C-86B4-5D4B6F6CFF05}.Debug|Any CPU.Build.0 = Debug|Any CPU
		{8EDAC79E-379C-4D8C-86B4-5D4B6F6CFF05}.Release|Any CPU.ActiveCfg = Release|Any CPU
		{8EDAC79E-379C-4D8C-86B4-5D4B6F6CFF05}.Release|Any CPU.Build.0 = Release|Any CPU
	EndGlobalSection
	GlobalSection(SolutionProperties) = preSolution
		HideSolutionNode = FALSE
	EndGlobalSection
	GlobalSection(ExtensibilityGlobals) = postSolution
		SolutionGuid = {C07DF55D-D4C4-4AA5-9941-4587EE91EAFA}
	EndGlobalSection
EndGlobal
