
Microsoft Visual Studio Solution File, Format Version 12.00
# Visual Studio Version 17
VisualStudioVersion = 17.0.31903.59
MinimumVisualStudioVersion = 10.0.40219.1
Project("{9A19103F-16F7-4668-BE54-9A1E7A4F7556}") = "MvcCore", "MvcCore\MvcCore.csproj", "{CC8F9741-0078-4A10-B799-F348FAFE9DFA}"
EndProject
Project("{9A19103F-16F7-4668-BE54-9A1E7A4F7556}") = "DAL", "DAL\DAL.csproj", "{93FAF3DB-2F9E-46AA-874A-2102947B275E}"
EndProject
Project("{9A19103F-16F7-4668-BE54-9A1E7A4F7556}") = "BusinessLogic", "BusinessLogic\BusinessLogic.csproj", "{D23CECF1-BC71-48CE-97BD-B3297E0D00CE}"
EndProject
Project("{9A19103F-16F7-4668-BE54-9A1E7A4F7556}") = "WikiFSUnitTests", "WikiFSUnitTests\WikiFSUnitTests.csproj", "{7A6F7484-DF2F-4BD5-93DD-DB85609B3D63}"
EndProject
Project("{E53339B2-1760-4266-BCC7-CA923CBCF16C}") = "docker-compose", "docker-compose.dcproj", "{804930C6-CC9B-4301-A612-83A9AF0FF626}"
EndProject
Global
	GlobalSection(SolutionConfigurationPlatforms) = preSolution
		Debug|Any CPU = Debug|Any CPU
		Release|Any CPU = Release|Any CPU
	EndGlobalSection
	GlobalSection(ProjectConfigurationPlatforms) = postSolution
		{CC8F9741-0078-4A10-B799-F348FAFE9DFA}.Debug|Any CPU.ActiveCfg = Debug|Any CPU
		{CC8F9741-0078-4A10-B799-F348FAFE9DFA}.Debug|Any CPU.Build.0 = Debug|Any CPU
		{CC8F9741-0078-4A10-B799-F348FAFE9DFA}.Release|Any CPU.ActiveCfg = Release|Any CPU
		{CC8F9741-0078-4A10-B799-F348FAFE9DFA}.Release|Any CPU.Build.0 = Release|Any CPU
		{93FAF3DB-2F9E-46AA-874A-2102947B275E}.Debug|Any CPU.ActiveCfg = Debug|Any CPU
		{93FAF3DB-2F9E-46AA-874A-2102947B275E}.Debug|Any CPU.Build.0 = Debug|Any CPU
		{93FAF3DB-2F9E-46AA-874A-2102947B275E}.Release|Any CPU.ActiveCfg = Release|Any CPU
		{93FAF3DB-2F9E-46AA-874A-2102947B275E}.Release|Any CPU.Build.0 = Release|Any CPU
		{D23CECF1-BC71-48CE-97BD-B3297E0D00CE}.Debug|Any CPU.ActiveCfg = Debug|Any CPU
		{D23CECF1-BC71-48CE-97BD-B3297E0D00CE}.Debug|Any CPU.Build.0 = Debug|Any CPU
		{D23CECF1-BC71-48CE-97BD-B3297E0D00CE}.Release|Any CPU.ActiveCfg = Release|Any CPU
		{D23CECF1-BC71-48CE-97BD-B3297E0D00CE}.Release|Any CPU.Build.0 = Release|Any CPU
		{7A6F7484-DF2F-4BD5-93DD-DB85609B3D63}.Debug|Any CPU.ActiveCfg = Debug|Any CPU
		{7A6F7484-DF2F-4BD5-93DD-DB85609B3D63}.Debug|Any CPU.Build.0 = Debug|Any CPU
		{7A6F7484-DF2F-4BD5-93DD-DB85609B3D63}.Release|Any CPU.ActiveCfg = Release|Any CPU
		{7A6F7484-DF2F-4BD5-93DD-DB85609B3D63}.Release|Any CPU.Build.0 = Release|Any CPU
		{804930C6-CC9B-4301-A612-83A9AF0FF626}.Debug|Any CPU.ActiveCfg = Debug|Any CPU
		{804930C6-CC9B-4301-A612-83A9AF0FF626}.Debug|Any CPU.Build.0 = Debug|Any CPU
		{804930C6-CC9B-4301-A612-83A9AF0FF626}.Release|Any CPU.ActiveCfg = Release|Any CPU
		{804930C6-CC9B-4301-A612-83A9AF0FF626}.Release|Any CPU.Build.0 = Release|Any CPU
	EndGlobalSection
	GlobalSection(SolutionProperties) = preSolution
		HideSolutionNode = FALSE
	EndGlobalSection
	GlobalSection(ExtensibilityGlobals) = postSolution
		SolutionGuid = {C07DF55D-D4C4-4AA5-9941-4587EE91EAFA}
	EndGlobalSection
EndGlobal
